{
    "_meta": {
        "hash": {
            "sha256": "50fa7385c0668a4fa7d2c91df240542f0fdb40661bb88a6e2e99637eabda633d"
        },
        "pipfile-spec": 6,
        "requires": {
            "python_version": "3.11"
        },
        "sources": [
            {
                "name": "pypi",
                "url": "https://pypi.org/simple",
                "verify_ssl": true
            }
        ]
    },
    "default": {
        "alphashape": {
            "hashes": [
                "sha256:7a27340afc5f8ed301577acec46bb0cf2bada5410045f7289142e735ef6977ec",
                "sha256:96a5ddd5f09534a35f03a8916aeeaac00fe4d6bec2f9ad78f87f57be3007f795"
            ],
            "index": "pypi",
            "version": "==1.3.1"
        },
        "click": {
            "hashes": [
                "sha256:ae74fb96c20a0277a1d615f1e4d73c8414f5a98db8b799a7931d1582f3390c28",
                "sha256:ca9853ad459e787e2192211578cc907e7594e294c7ccc834310722b41b9ca6de"
            ],
            "markers": "python_version >= '3.7'",
            "version": "==8.1.7"
        },
        "click-log": {
            "hashes": [
                "sha256:3970f8570ac54491237bcdb3d8ab5e3eef6c057df29f8c3d1151a51a9c23b975",
                "sha256:a43e394b528d52112af599f2fc9e4b7cf3c15f94e53581f74fa6867e68c91756"
            ],
            "version": "==0.4.0"
        },
        "colorama": {
            "hashes": [
                "sha256:08695f5cb7ed6e0531a20572697297273c47b8cae5a63ffc6d6ed5c201be6e44",
                "sha256:4f1d9991f5acc0ca119f9d443620b77f9d6b33703e51011c16baf57afb285fc6"
            ],
            "markers": "platform_system == 'Windows'",
            "version": "==0.4.6"
        },
        "llvmlite": {
            "hashes": [
                "sha256:013000a11df84a8b5e4f7fbf2513896ca48441c527d9ae8e375da92bc5575d08",
                "sha256:0c79cb7e88403d6c64385bf1e63797af0884caf1f4afa3c8c4bbef1920e28148",
                "sha256:0d94e531c763340344198f2c31af6af7b665e9cd2b354e31afa5cf4abfce0a8e",
                "sha256:21191c6a9fb4a86d71ec72debbaf39db49590a950c8a2a4ac792c41d16b0a61a",
                "sha256:24b3f7e258ea7c07ebf9f70c772e25619de8d207192254beb7644b818a97440b",
                "sha256:27d9d11c8dcdb8a8e14e92d0be5bba60f15bdf2fc116b8d27cab40221093a1b0",
                "sha256:57c0a3fd031936461f9f24f4cace80a86c9ba09d8b02fa87c209607aae2463cb",
                "sha256:6c40e290d930b09bbebe0d05c750b8a9e20af147e8cec8d62aa42e874f46dbfa",
                "sha256:6e477d23afbdddb3dde789d29a771e23bcfa1b12485156370dba9df05d529d94",
                "sha256:70feadac822f8840f2db6cbb662f1b349fe5d375d8ceb9c907f3919e005dc705",
                "sha256:741bb2ab7712c4763483189f0684163fb3ac44087c617698c50654c7d7ab6a24",
                "sha256:7d41db345d76d2dfa31871178ce0d8e9fd8aa015aa1b7d4dab84b5cb393901e0",
                "sha256:8218d307bd89535207fea1cc1ef5498afcb6d0203153dba214058715fecdb699",
                "sha256:876cd5f53cfe51d3a5cf7952dc1a25bd6158f5795739b1f8159c3591b32ed3cb",
                "sha256:93ce07a0a6d98ff2fcc34e7d2d315d8d09f6a737539e089f1a8cbe4a3a0313bf",
                "sha256:a4af8722ad6cb0dd2d5454ebc5a7bf90867df5f3fcb0787396a3261052caefda",
                "sha256:acc81c1279f858e5eab460844cc381e30d6666bc8eea04724b54d4eeb1fd1e54",
                "sha256:d8997264291e822689f7d6df4716638f35ff586bef5b8be40e2ba77d6bd9405c",
                "sha256:dabfb1a28d26b8c01228f59aec90a61324203dda6b1465c596d577d6380545e8",
                "sha256:de31585b867e8d9bae0c15f03e8bf541afcff66ffa5f61e401a738274702bdcd",
                "sha256:f150e127d6bc0e74633b8ba210776b0b6fdc82af6dfebf0794318ea97634acd0",
                "sha256:f1b5df30581eb8dbdee0e17a1217debb1d7dcd61a092a09726afff441dad5a67",
                "sha256:f7b7022f1e2f652722ddd5697987f1aeaf0c9a64f2ee324e03f6e060b28a1bbd",
                "sha256:fe265129ecd18957d3653cfb17df1632fa2c57fd0bac1960bc20a8c3ca961197"
            ],
            "markers": "python_version >= '3.8'",
            "version": "==0.41.0"
        },
        "networkx": {
            "hashes": [
                "sha256:4f33f68cb2afcf86f28a45f43efc27a9386b535d567d2127f8f61d51dec58d36",
                "sha256:de346335408f84de0eada6ff9fafafff9bcda11f0a0dfaa931133debb146ab61"
            ],
            "markers": "python_version >= '3.8'",
            "version": "==3.1"
        },
        "numba": {
            "hashes": [
                "sha256:0734614d3e92eb01f848b8595be116f9c8ad997f8cf77672f3ba53c511f1429d",
                "sha256:0ce322178ff7006b7f50dad25b042ef64c6393f2fafafa79c0498d789b1aac27",
                "sha256:0d7a5e81e4047a23986f816b48ac46616ceb4eadbff6bbe739944d36b3bdbfe7",
                "sha256:121bf98a2b02e0611af3bfab3995fed990db58c4bfc6c225332ccdaf37e312e7",
                "sha256:2f146c11af62ad25021d93fccf48715a96d1ea76d43c1c3bc97dca561c6a2693",
                "sha256:398ab539257df8e980ec2f9cdfae836bb965fadc2dd30db3fcfbf3aefa542836",
                "sha256:477f429bb593dd3fc8d84b44f199e8e30268a7cfeb96c8464cb393d401de4f45",
                "sha256:48bcaae337ee450e38bf3796b4e1a166909c339f1757b6110e6adcf42c1e6c3e",
                "sha256:5cee5f22f7fbb2ef445e422aeafe5d38bf71a52c8bb34d22c1e145afa4034d6b",
                "sha256:7e182f3296dfcbafcd23b9263baeb350ad5adcacd081f1b3ec927a9fb325cca8",
                "sha256:7ee9f5fd962e0ada0e68df67a6ff881f95b45e0ae7cb96141e913337040d490b",
                "sha256:8059ee491651885f89655f08856a107aa610e3355b373f3b7437f1da96f09703",
                "sha256:8a9b69cc6259131791822c5eb893b03cd9372f4aae669d020500565b6d5d80bc",
                "sha256:8bd9edd27ab29e80bcf4083f9955c4a8871075a13a370b3bef99f81e184541fa",
                "sha256:9dade55ee5f1b8c5e3e0db95449fdc5b7b4244c1a7fa133bd664cbfc1027bafe",
                "sha256:a5f99806d5c9671dc927a8a489bc0c88e79be51e9775d6a3c68dbfdf585cd7e9",
                "sha256:e5d5a318dc65a101ef846d7fd93f3cf2f7942494019e8342e51238b360739125",
                "sha256:e61a1fa0ab7d290f0a43d8523b372f96765db6ceb6a691660c17e9ed609cb470",
                "sha256:e7b42b23c36cf08fcfe1a8f2acf3a0af95b41f9ee07fc81b28d7b9b5ada85d8c",
                "sha256:f3934eab4eb1c07c8f067e99350b99f70b2ca77d5aa3911d365643171f771157",
                "sha256:f80aee7889e82ab9c4770e02b21ca4e3ca15cc8c829c173fc27b77ab0529b5cb"
            ],
            "index": "pypi",
            "markers": "python_version >= '3.8'",
            "version": "==0.58.0"
        },
        "numpy": {
            "hashes": [
                "sha256:0d60fbae8e0019865fc4784745814cff1c421df5afee233db6d88ab4f14655a2",
                "sha256:1a1329e26f46230bf77b02cc19e900db9b52f398d6722ca853349a782d4cff55",
                "sha256:1b9735c27cea5d995496f46a8b1cd7b408b3f34b6d50459d9ac8fe3a20cc17bf",
                "sha256:2792d23d62ec51e50ce4d4b7d73de8f67a2fd3ea710dcbc8563a51a03fb07b01",
                "sha256:3e0746410e73384e70d286f93abf2520035250aad8c5714240b0492a7302fdca",
                "sha256:4c3abc71e8b6edba80a01a52e66d83c5d14433cbcd26a40c329ec7ed09f37901",
                "sha256:5883c06bb92f2e6c8181df7b39971a5fb436288db58b5a1c3967702d4278691d",
                "sha256:5c97325a0ba6f9d041feb9390924614b60b99209a71a69c876f71052521d42a4",
                "sha256:60e7f0f7f6d0eee8364b9a6304c2845b9c491ac706048c7e8cf47b83123b8dbf",
                "sha256:76b4115d42a7dfc5d485d358728cdd8719be33cc5ec6ec08632a5d6fca2ed380",
                "sha256:7dc869c0c75988e1c693d0e2d5b26034644399dd929bc049db55395b1379e044",
                "sha256:834b386f2b8210dca38c71a6e0f4fd6922f7d3fcff935dbe3a570945acb1b545",
                "sha256:8b77775f4b7df768967a7c8b3567e309f617dd5e99aeb886fa14dc1a0791141f",
                "sha256:90319e4f002795ccfc9050110bbbaa16c944b1c37c0baeea43c5fb881693ae1f",
                "sha256:b79e513d7aac42ae918db3ad1341a015488530d0bb2a6abcbdd10a3a829ccfd3",
                "sha256:bb33d5a1cf360304754913a350edda36d5b8c5331a8237268c48f91253c3a364",
                "sha256:bec1e7213c7cb00d67093247f8c4db156fd03075f49876957dca4711306d39c9",
                "sha256:c5462d19336db4560041517dbb7759c21d181a67cb01b36ca109b2ae37d32418",
                "sha256:c5652ea24d33585ea39eb6a6a15dac87a1206a692719ff45d53c5282e66d4a8f",
                "sha256:d7806500e4f5bdd04095e849265e55de20d8cc4b661b038957354327f6d9b295",
                "sha256:db3ccc4e37a6873045580d413fe79b68e47a681af8db2e046f1dacfa11f86eb3",
                "sha256:dfe4a913e29b418d096e696ddd422d8a5d13ffba4ea91f9f60440a3b759b0187",
                "sha256:eb942bfb6f84df5ce05dbf4b46673ffed0d3da59f13635ea9b926af3deb76926",
                "sha256:f08f2e037bba04e707eebf4bc934f1972a315c883a9e0ebfa8a7756eabf9e357",
                "sha256:fd608e19c8d7c55021dffd43bfe5492fab8cc105cc8986f813f8c3c048b38760"
            ],
            "markers": "python_version >= '3.9'",
            "version": "==1.25.2"
        },
        "pyopengl": {
            "hashes": [
                "sha256:a6ab19cf290df6101aaf7470843a9c46207789855746399d0af92521a0a92b7a",
                "sha256:eef31a3888e6984fd4d8e6c9961b184c9813ca82604d37fe3da80eb000a76c86"
            ],
            "version": "==3.1.7"
        },
        "rtree": {
            "hashes": [
                "sha256:004e131b570dc360a49e7f3b60e7bc6517943a54df056587964d1cb903889e7e",
                "sha256:015df09e1bc55ddf7c88799bf1515d058cd0ee78eacf4cd443a32876d3b3a863",
                "sha256:0d68a81ad419d5c2ea5fecc677e6c178666c057e2c7b24100a6c48392196f1e9",
                "sha256:11d16f51cf9205cd6995af36e24efe8f184270f667fb49bb69b09fc46b97e7d4",
                "sha256:157207191aebdacbbdbb369e698cfbfebce53bc97114e96c8af5bed3126475f1",
                "sha256:16900ee02cf5c198a42b03635268a80f606aa102f3f7618b89f75023d406da1c",
                "sha256:18ce7e4d04b85c48f2d364835620b3b20e38e199639746e7b12f07a2303e18ff",
                "sha256:1a213e5d385278ca7668bc5b27083f8d6e39996a9bd59b6528f3a30009dae4ed",
                "sha256:1a94e2f4bf74bd202ea8b67ea3d7c71e763ad41f79be1d6b72aa2c8d5a8e92c4",
                "sha256:1e894112cef4de6c518bdea0b43eada65f12888c3645cc437c3a677aa023039f",
                "sha256:222121699c303a64065d849bf7038b1ecabc37b65c7fa340bedb38ef0e805429",
                "sha256:273ee61783de3a1664e5f868feebf5eea4629447137751bfa4087b0f82093082",
                "sha256:296203e933b6ec0dd07f6a7456c4f1492def95b6993f20cc61c92b0fee0aecc5",
                "sha256:2ee7165e9872a026ccb868c021711eba39cedf7d1820763c9de52d5324691a92",
                "sha256:3573cbb0de872f54d0a0c29596a84e8ac3939c47ca3bece4a82e92775730a0d0",
                "sha256:50b658a6707f215a0056d52e9f83a97148c0af62dea07cf29b3789a2c429e78a",
                "sha256:57128293dd625cb1f07726f32208097953e8854d70ab1fc55d6858733618b9ed",
                "sha256:582854252b8fd5c8472478af060635434931fb55edd269bac128cbf2eef43620",
                "sha256:5b20f69e040a05503b22297af223f336fe7047909b57e4b207b98292f33a229f",
                "sha256:62f38020af47b765adc6b0bc7c4e810c6c3d1eab44ba339b592ff25a4c0dc0a7",
                "sha256:656b148589c0b5bab4a7db4d033634329f42a5feaac10ca40aceeca109d83c1f",
                "sha256:6792de0e3c2fd3ad7e069445027603bec7a47000432f49c80246886311f4f152",
                "sha256:698de8ce6c62e159d93b35bacf64bcf3619077b5367bc88cd2cff5e0bc36169b",
                "sha256:6ce4a6fdb63254a4c1efebe7a4f7a59b1c333c703bde4ae715d9ad88c833e10b",
                "sha256:6db6a0a93e41594ffc14b053f386dd414ab5a82535bbd9aedafa6ac8dc0650d8",
                "sha256:77908cd7acdd519a731979ebf5baff8afd102109c2f52864c1e6ee75d3ea2d87",
                "sha256:784efa6b7be9e99b33613ae8495931032689441eabb6120c9b3eb91188c33794",
                "sha256:7b2c15f9373ba314c83a8df5cb6d99b4e3af23c376c6b1317add995432dd0970",
                "sha256:7e3d5f0e7b28250afbb290ab88b49aa0f121c9714d0da2080581783690347507",
                "sha256:8de99f28af0f1783eefb80918959903b4b18112f6a12b48f296ecb162804e69d",
                "sha256:93c5e0bf31e76b4f92a6eec3d2891e938408774c75a8ed6ac3d2c8db04a2be33",
                "sha256:9855b8f11cdad99c56eb361b7b632a4fbd3d8cbe3f2081426b445f0cfb7fdca9",
                "sha256:ad9912faeddb1ddcec5e26b33089166d58a107af6862d8b7f1bb2b7c0002ab39",
                "sha256:b31fd22d214160859d038da7cb2aaa27acb71efc24a7bcc75c84b5e502721549",
                "sha256:b54057e8a8ad92c1d8e9eaa5cf32aad70dde454abbf9b638e9d6024520a52c02",
                "sha256:becd711fe97c2e09b1b7969e83080a3c8012bce2d30f6db879aade255fcba5c1",
                "sha256:c2973b76f61669a85e160b4ad09879c4089fc0e3f20fd99adf161ca298fe8374",
                "sha256:c5fb3671a8d440c24b1dd29ec621d4345ced7185e26f02abe98e85a6629fcb50",
                "sha256:c6e29e5eb3083ad12ac5c1ce6e37465ea3428d894d3466cc9c9e2ee4bf768e53",
                "sha256:cfa8cffec5cb9fed494c4bb335ebdb69b3c26178b0b685f67f79296c6b3d800c",
                "sha256:d5abe5a19d943a88bea14901970e4c53e4579fc2662404cdea6163bf4c04d49a",
                "sha256:e4335e131a58952635560a003458011d97f9ea6f3c010dc24906050b42ee2c03",
                "sha256:e7ca5d743f6a1dc62653dfac8ee7ce2e1ba91be7cf97916a7f60b7cbe48fb48d",
                "sha256:e898d7409ab645c25e06d4e058f99271182601d70b2887aba3351bf08e09a0c6",
                "sha256:f5120da3a1b96f3a7a17dd6af0afdd4e6f3cc9baa87e9ee0a272882f01f980bb"
            ],
            "markers": "python_version >= '3.7'",
            "version": "==1.0.1"
        },
        "scipy": {
            "hashes": [
                "sha256:00f325434b6424952fbb636506f0567898dca7b0f7654d48f1c382ea338ce9a3",
                "sha256:033c3fd95d55012dd1148b201b72ae854d5086d25e7c316ec9850de4fe776929",
                "sha256:0d3a136ae1ff0883fffbb1b05b0b2fea251cb1046a5077d0b435a1839b3e52b7",
                "sha256:15f237e890c24aef6891c7d008f9ff7e758c6ef39a2b5df264650eb7900403c0",
                "sha256:370f569c57e1d888304052c18e58f4a927338eafdaef78613c685ca2ea0d1fa0",
                "sha256:3e1a8a4657673bfae1e05e1e1d6e94b0cabe5ed0c7c144c8aa7b7dbb774ce5c1",
                "sha256:4b4bb134c7aa457e26cc6ea482b016fef45db71417d55cc6d8f43d799cdf9ef2",
                "sha256:5305792c7110e32ff155aed0df46aa60a60fc6e52cd4ee02cdeb67eaccd5356e",
                "sha256:5664e364f90be8219283eeb844323ff8cd79d7acbd64e15eb9c46b9bc7f6a42a",
                "sha256:5f290cf561a4b4edfe8d1001ee4be6da60c1c4ea712985b58bf6bc62badee221",
                "sha256:74e89dc5e00201e71dd94f5f382ab1c6a9f3ff806c7d24e4e90928bb1aafb280",
                "sha256:7abda0e62ef00cde826d441485e2e32fe737bdddee3324e35c0e01dee65e2a88",
                "sha256:90271dbde4be191522b3903fc97334e3956d7cfb9cce3f0718d0ab4fd7d8bfd6",
                "sha256:91770cb3b1e81ae19463b3c235bf1e0e330767dca9eb4cd73ba3ded6c4151e4d",
                "sha256:925c6f09d0053b1c0f90b2d92d03b261e889b20d1c9b08a3a51f61afc5f58165",
                "sha256:9885e3e4f13b2bd44aaf2a1a6390a11add9f48d5295f7a592393ceb8991577a3",
                "sha256:9ea7f579182d83d00fed0e5c11a4aa5ffe01460444219dedc448a36adf0c3917",
                "sha256:a63d1ec9cadecce838467ce0631c17c15c7197ae61e49429434ba01d618caa83",
                "sha256:bae66a2d7d5768eaa33008fa5a974389f167183c87bf39160d3fefe6664f8ddc",
                "sha256:bba4d955f54edd61899776bad459bf7326e14b9fa1c552181f0479cc60a568cd",
                "sha256:c77da50c9a91e23beb63c2a711ef9e9ca9a2060442757dffee34ea41847d8156",
                "sha256:d2f6dee6cbb0e263b8142ed587bc93e3ed5e777f1f75448d24fb923d9fd4dce6",
                "sha256:dfcc1552add7cb7c13fb70efcb2389d0624d571aaf2c80b04117e2755a0c5d15",
                "sha256:e04aa19acc324a1a076abb4035dabe9b64badb19f76ad9c798bde39d41025cdc",
                "sha256:e1f97cd89c0fe1a0685f8f89d85fa305deb3067d0668151571ba50913e445820"
            ],
            "markers": "python_version < '3.13' and python_version >= '3.9'",
            "version": "==1.11.3"
        },
        "shapely": {
            "hashes": [
                "sha256:01224899ff692a62929ef1a3f5fe389043e262698a708ab7569f43a99a48ae82",
                "sha256:05c51a29336e604c084fb43ae5dbbfa2c0ef9bd6fedeae0a0d02c7b57a56ba46",
                "sha256:09d6c7763b1bee0d0a2b84bb32a4c25c6359ad1ac582a62d8b211e89de986154",
                "sha256:193a398d81c97a62fc3634a1a33798a58fd1dcf4aead254d080b273efbb7e3ff",
                "sha256:1a34a23d6266ca162499e4a22b79159dc0052f4973d16f16f990baa4d29e58b6",
                "sha256:2569a4b91caeef54dd5ae9091ae6f63526d8ca0b376b5bb9fd1a3195d047d7d4",
                "sha256:33403b8896e1d98aaa3a52110d828b18985d740cc9f34f198922018b1e0f8afe",
                "sha256:3ad81f292fffbd568ae71828e6c387da7eb5384a79db9b4fde14dd9fdeffca9a",
                "sha256:3cb256ae0c01b17f7bc68ee2ffdd45aebf42af8992484ea55c29a6151abe4386",
                "sha256:45b4833235b90bc87ee26c6537438fa77559d994d2d3be5190dd2e54d31b2820",
                "sha256:4641325e065fd3e07d55677849c9ddfd0cf3ee98f96475126942e746d55b17c8",
                "sha256:502e0a607f1dcc6dee0125aeee886379be5242c854500ea5fd2e7ac076b9ce6d",
                "sha256:66a6b1a3e72ece97fc85536a281476f9b7794de2e646ca8a4517e2e3c1446893",
                "sha256:70a18fc7d6418e5aea76ac55dce33f98e75bd413c6eb39cfed6a1ba36469d7d4",
                "sha256:7d3bbeefd8a6a1a1017265d2d36f8ff2d79d0162d8c141aa0d37a87063525656",
                "sha256:83a8ec0ee0192b6e3feee9f6a499d1377e9c295af74d7f81ecba5a42a6b195b7",
                "sha256:865bc3d7cc0ea63189d11a0b1120d1307ed7a64720a8bfa5be2fde5fc6d0d33f",
                "sha256:90cfa4144ff189a3c3de62e2f3669283c98fb760cfa2e82ff70df40f11cadb39",
                "sha256:91575d97fd67391b85686573d758896ed2fc7476321c9d2e2b0c398b628b961c",
                "sha256:9a6ac34c16f4d5d3c174c76c9d7614ec8fe735f8f82b6cc97a46b54f386a86bf",
                "sha256:a529218e72a3dbdc83676198e610485fdfa31178f4be5b519a8ae12ea688db14",
                "sha256:a70a614791ff65f5e283feed747e1cc3d9e6c6ba91556e640636bbb0a1e32a71",
                "sha256:ac1dfc397475d1de485e76de0c3c91cc9d79bd39012a84bb0f5e8a199fc17bef",
                "sha256:b06d031bc64149e340448fea25eee01360a58936c89985cf584134171e05863f",
                "sha256:b4f0711cc83734c6fad94fc8d4ec30f3d52c1787b17d9dca261dc841d4731c64",
                "sha256:b50c401b64883e61556a90b89948297f1714dbac29243d17ed9284a47e6dd731",
                "sha256:b519cf3726ddb6c67f6a951d1bb1d29691111eaa67ea19ddca4d454fbe35949c",
                "sha256:bca57b683e3d94d0919e2f31e4d70fdfbb7059650ef1b431d9f4e045690edcd5",
                "sha256:c43755d2c46b75a7b74ac6226d2cc9fa2a76c3263c5ae70c195c6fb4e7b08e79",
                "sha256:c7eed1fb3008a8a4a56425334b7eb82651a51f9e9a9c2f72844a2fb394f38a6c",
                "sha256:c8b0d834b11be97d5ab2b4dceada20ae8e07bcccbc0f55d71df6729965f406ad",
                "sha256:ce88ec79df55430e37178a191ad8df45cae90b0f6972d46d867bf6ebbb58cc4d",
                "sha256:d173d24e85e51510e658fb108513d5bc11e3fd2820db6b1bd0522266ddd11f51",
                "sha256:d8f55f355be7821dade839df785a49dc9f16d1af363134d07eb11e9207e0b189",
                "sha256:da71de5bf552d83dcc21b78cc0020e86f8d0feea43e202110973987ffa781c21",
                "sha256:e55698e0ed95a70fe9ff9a23c763acfe0bf335b02df12142f74e4543095e9a9b",
                "sha256:f32a748703e7bf6e92dfa3d2936b2fbfe76f8ce5f756e24f49ef72d17d26ad02",
                "sha256:f470a130d6ddb05b810fc1776d918659407f8d025b7f56d2742a596b6dffa6c7"
            ],
            "markers": "python_version >= '3.7'",
            "version": "==2.0.1"
        },
        "trimesh": {
            "hashes": [
                "sha256:9cfc592c7ad6475ebfe51c90b0a1e686d627735cea6e6e18e40745be3ecfaab9",
                "sha256:bdfd669eccc4b3faff2328200a49408cd5ecad9f19b6022c4adb554bbb3a2621"
            ],
            "version": "==3.23.5"
        },
        "visvis": {
            "hashes": [
                "sha256:e363760739f2ff2110ab88cb8c9b251297d1857b1cb37bfcc544beb26aab385a",
                "sha256:ffac39e989e3efd21cf32172450689229036dad77c8b6014398897468d862682"
            ],
            "index": "pypi",
            "version": "==1.14.0"
        }
    },
    "develop": {}
}
